Microsoft Visual Studio Solution File, Format Version 12.00
# Visual Studio Version 17
VisualStudioVersion = 17.5.2.0
MinimumVisualStudioVersion = 10.0.40219.1
Project("{2150E333-8FDC-42A3-9474-1A3956D46DE8}") = "services", "services", "{5854FF58-B8C5-05C6-5BF2-ACE42193F22B}"
EndProject
Project("{2150E333-8FDC-42A3-9474-1A3956D46DE8}") = "cart", "cart", "{BFF4F4B7-12C1-5B2E-7DAD-E792A8E8C1A7}"
EndProject
Project("{2150E333-8FDC-42A3-9474-1A3956D46DE8}") = "src", "src", "{7023AFFE-198D-A2F0-7BDB-E45BFB2359D9}"
EndProject
Project("{FAE04EC0-301F-11D3-BF4B-00C04F79EFBC}") = "Cart", "services\cart\src\Cart\Cart.csproj", "{8F956880-A398-F946-DAB2-FC77A3EEF223}"
EndProject
Project("{2150E333-8FDC-42A3-9474-1A3956D46DE8}") = "catalog", "catalog", "{944ACC7E-4FFC-A2A2-09E1-98A62C66F8DB}"
EndProject
Project("{2150E333-8FDC-42A3-9474-1A3956D46DE8}") = "src", "src", "{41BBDC93-4E50-1894-3C33-F8A2B62FA41D}"
EndProject
Project("{FAE04EC0-301F-11D3-BF4B-00C04F79EFBC}") = "Catalog", "services\catalog\src\Catalog\Catalog.csproj", "{53213E5E-3150-8F5C-DC15-C9BFA7541AA3}"
EndProject
Project("{2150E333-8FDC-42A3-9474-1A3956D46DE8}") = "gateway", "gateway", "{96888889-FC81-1FD9-7DA3-65FF32B7E052}"
EndProject
Project("{2150E333-8FDC-42A3-9474-1A3956D46DE8}") = "src", "src", "{0F851739-E5A2-C45B-6661-945DD43E3310}"
EndProject
Project("{FAE04EC0-301F-11D3-BF4B-00C04F79EFBC}") = "Gateway", "services\gateway\src\Gateway\Gateway.csproj", "{09C245E8-FD34-8EBB-6794-7972A65E4010}"
EndProject
Project("{2150E333-8FDC-42A3-9474-1A3956D46DE8}") = "orders", "orders", "{1C00F9DA-F33C-8627-D347-15FF6E4360B7}"
EndProject
Project("{2150E333-8FDC-42A3-9474-1A3956D46DE8}") = "src", "src", "{6A9A742B-4CFC-69B7-BE35-36755501C26C}"
EndProject
Project("{FAE04EC0-301F-11D3-BF4B-00C04F79EFBC}") = "Orders", "services\orders\src\Orders\Orders.csproj", "{FB40F89D-B896-EB2F-D1DB-01CBA3595B5A}"
EndProject
Project("{2150E333-8FDC-42A3-9474-1A3956D46DE8}") = "payments", "payments", "{D8AFF377-A933-C61A-6A84-6680BF48FD58}"
EndProject
Project("{2150E333-8FDC-42A3-9474-1A3956D46DE8}") = "src", "src", "{827204AA-0C96-E212-E864-1D40D02F27FE}"
EndProject
Project("{FAE04EC0-301F-11D3-BF4B-00C04F79EFBC}") = "Payments", "services\payments\src\Payments\Payments.csproj", "{F8158B15-0A18-007C-1965-A42C3266B6F4}"
EndProject
Project("{2150E333-8FDC-42A3-9474-1A3956D46DE8}") = "_template", "_template", "{98B5D8D1-FF3F-C1FF-302A-737E38E1E94F}"
EndProject
Project("{2150E333-8FDC-42A3-9474-1A3956D46DE8}") = "src", "src", "{5A613A58-3DDC-5EC5-5AC1-45386F0E7B09}"
EndProject
Project("{FAE04EC0-301F-11D3-BF4B-00C04F79EFBC}") = "ServiceTemplate", "services\_template\src\ServiceTemplate\ServiceTemplate.csproj", "{52F06150-432B-2420-BF92-50D136E06CEE}"
EndProject
Global
	GlobalSection(SolutionConfigurationPlatforms) = preSolution
		Debug|Any CPU = Debug|Any CPU
		Release|Any CPU = Release|Any CPU
	EndGlobalSection
	GlobalSection(ProjectConfigurationPlatforms) = postSolution
		{8F956880-A398-F946-DAB2-FC77A3EEF223}.Debug|Any CPU.ActiveCfg = Debug|Any CPU
		{8F956880-A398-F946-DAB2-FC77A3EEF223}.Debug|Any CPU.Build.0 = Debug|Any CPU
		{8F956880-A398-F946-DAB2-FC77A3EEF223}.Release|Any CPU.ActiveCfg = Release|Any CPU
		{8F956880-A398-F946-DAB2-FC77A3EEF223}.Release|Any CPU.Build.0 = Release|Any CPU
		{53213E5E-3150-8F5C-DC15-C9BFA7541AA3}.Debug|Any CPU.ActiveCfg = Debug|Any CPU
		{53213E5E-3150-8F5C-DC15-C9BFA7541AA3}.Debug|Any CPU.Build.0 = Debug|Any CPU
		{53213E5E-3150-8F5C-DC15-C9BFA7541AA3}.Release|Any CPU.ActiveCfg = Release|Any CPU
		{53213E5E-3150-8F5C-DC15-C9BFA7541AA3}.Release|Any CPU.Build.0 = Release|Any CPU
		{09C245E8-FD34-8EBB-6794-7972A65E4010}.Debug|Any CPU.ActiveCfg = Debug|Any CPU
		{09C245E8-FD34-8EBB-6794-7972A65E4010}.Debug|Any CPU.Build.0 = Debug|Any CPU
		{09C245E8-FD34-8EBB-6794-7972A65E4010}.Release|Any CPU.ActiveCfg = Release|Any CPU
		{09C245E8-FD34-8EBB-6794-7972A65E4010}.Release|Any CPU.Build.0 = Release|Any CPU
		{FB40F89D-B896-EB2F-D1DB-01CBA3595B5A}.Debug|Any CPU.ActiveCfg = Debug|Any CPU
		{FB40F89D-B896-EB2F-D1DB-01CBA3595B5A}.Debug|Any CPU.Build.0 = Debug|Any CPU
		{FB40F89D-B896-EB2F-D1DB-01CBA3595B5A}.Release|Any CPU.ActiveCfg = Release|Any CPU
		{FB40F89D-B896-EB2F-D1DB-01CBA3595B5A}.Release|Any CPU.Build.0 = Release|Any CPU
		{F8158B15-0A18-007C-1965-A42C3266B6F4}.Debug|Any CPU.ActiveCfg = Debug|Any CPU
		{F8158B15-0A18-007C-1965-A42C3266B6F4}.Debug|Any CPU.Build.0 = Debug|Any CPU
		{F8158B15-0A18-007C-1965-A42C3266B6F4}.Release|Any CPU.ActiveCfg = Release|Any CPU
		{F8158B15-0A18-007C-1965-A42C3266B6F4}.Release|Any CPU.Build.0 = Release|Any CPU
		{52F06150-432B-2420-BF92-50D136E06CEE}.Debug|Any CPU.ActiveCfg = Debug|Any CPU
		{52F06150-432B-2420-BF92-50D136E06CEE}.Debug|Any CPU.Build.0 = Debug|Any CPU
		{52F06150-432B-2420-BF92-50D136E06CEE}.Release|Any CPU.ActiveCfg = Release|Any CPU
		{52F06150-432B-2420-BF92-50D136E06CEE}.Release|Any CPU.Build.0 = Release|Any CPU
	EndGlobalSection
	GlobalSection(SolutionProperties) = preSolution
		HideSolutionNode = FALSE
	EndGlobalSection
	GlobalSection(NestedProjects) = preSolution
		{BFF4F4B7-12C1-5B2E-7DAD-E792A8E8C1A7} = {5854FF58-B8C5-05C6-5BF2-ACE42193F22B}
		{7023AFFE-198D-A2F0-7BDB-E45BFB2359D9} = {BFF4F4B7-12C1-5B2E-7DAD-E792A8E8C1A7}
		{8F956880-A398-F946-DAB2-FC77A3EEF223} = {7023AFFE-198D-A2F0-7BDB-E45BFB2359D9}
		{944ACC7E-4FFC-A2A2-09E1-98A62C66F8DB} = {5854FF58-B8C5-05C6-5BF2-ACE42193F22B}
		{41BBDC93-4E50-1894-3C33-F8A2B62FA41D} = {944ACC7E-4FFC-A2A2-09E1-98A62C66F8DB}
		{53213E5E-3150-8F5C-DC15-C9BFA7541AA3} = {41BBDC93-4E50-1894-3C33-F8A2B62FA41D}
		{96888889-FC81-1FD9-7DA3-65FF32B7E052} = {5854FF58-B8C5-05C6-5BF2-ACE42193F22B}
		{0F851739-E5A2-C45B-6661-945DD43E3310} = {96888889-FC81-1FD9-7DA3-65FF32B7E052}
		{09C245E8-FD34-8EBB-6794-7972A65E4010} = {0F851739-E5A2-C45B-6661-945DD43E3310}
		{1C00F9DA-F33C-8627-D347-15FF6E4360B7} = {5854FF58-B8C5-05C6-5BF2-ACE42193F22B}
		{6A9A742B-4CFC-69B7-BE35-36755501C26C} = {1C00F9DA-F33C-8627-D347-15FF6E4360B7}
		{FB40F89D-B896-EB2F-D1DB-01CBA3595B5A} = {6A9A742B-4CFC-69B7-BE35-36755501C26C}
		{D8AFF377-A933-C61A-6A84-6680BF48FD58} = {5854FF58-B8C5-05C6-5BF2-ACE42193F22B}
		{827204AA-0C96-E212-E864-1D40D02F27FE} = {D8AFF377-A933-C61A-6A84-6680BF48FD58}
		{F8158B15-0A18-007C-1965-A42C3266B6F4} = {827204AA-0C96-E212-E864-1D40D02F27FE}
		{98B5D8D1-FF3F-C1FF-302A-737E38E1E94F} = {5854FF58-B8C5-05C6-5BF2-ACE42193F22B}
		{5A613A58-3DDC-5EC5-5AC1-45386F0E7B09} = {98B5D8D1-FF3F-C1FF-302A-737E38E1E94F}
		{52F06150-432B-2420-BF92-50D136E06CEE} = {5A613A58-3DDC-5EC5-5AC1-45386F0E7B09}
	EndGlobalSection
	GlobalSection(ExtensibilityGlobals) = postSolution
		SolutionGuid = {C53A9FC6-665B-41AF-A292-1DBCC56DA531}
	EndGlobalSection
EndGlobal
